<Solution>
  <Configurations>
    <Platform Name="x64" />
    <Platform Name="x86" />
  </Configurations>
  <Project Path="BT2/BT2.vcxproj" Id="1ea565f6-82a6-455e-93ea-90e0a90355f5" />
  <Project Path="BT3/BT3.vcxproj" Id="92e388bb-8628-4baf-ac4c-6b6a4d719a50" />
  <Project Path="BT4/BT4.vcxproj" Id="6eddbc5f-883f-4e96-9c74-f44d54a3588c" />
  <Project Path="BTLab2.vcxproj" Id="d52c4b46-6ce7-48cc-9ccf-6ec7b080496b" />
</Solution>
